# THIS IS AN AUTOGENERATED FILE. DO NOT EDIT THIS FILE DIRECTLY.
# yarn lockfile v1


"@prisma/client@^5.7.1":
  version "5.7.1"
  resolved "https://registry.yarnpkg.com/@prisma/client/-/client-5.7.1.tgz#a124afd05663267f7255a639a81d28303684a063"
  integrity sha512-TUSa4nUcC4nf/e7X3jyO1pEd6XcI/TLRCA0KjkA46RDIpxUaRsBYEOqITwXRW2c0bMFyKcCRXrH4f7h4q9oOlg==
